
Microsoft Visual Studio Solution File, Format Version 12.00
# Visual Studio Version 16
VisualStudioVersion = 16.0.31321.278
MinimumVisualStudioVersion = 10.0.40219.1
Project("{FAE04EC0-301F-11D3-BF4B-00C04F79EFBC}") = "Pi_Estate", "Pi_Estate\Pi_Estate.csproj", "{70154CC7-F7D7-49C2-833D-A9EB52C30B60}"
EndProject
Global
	GlobalSection(SolutionConfigurationPlatforms) = preSolution
		Debug|Any CPU = Debug|Any CPU
		Release|Any CPU = Release|Any CPU
	EndGlobalSection
	GlobalSection(ProjectConfigurationPlatforms) = postSolution
		{70154CC7-F7D7-49C2-833D-A9EB52C30B60}.Debug|Any CPU.ActiveCfg = Debug|Any CPU
		{70154CC7-F7D7-49C2-833D-A9EB52C30B60}.Debug|Any CPU.Build.0 = Debug|Any CPU
		{70154CC7-F7D7-49C2-833D-A9EB52C30B60}.Release|Any CPU.ActiveCfg = Release|Any CPU
		{70154CC7-F7D7-49C2-833D-A9EB52C30B60}.Release|Any CPU.Build.0 = Release|Any CPU
	EndGlobalSection
	GlobalSection(SolutionProperties) = preSolution
		HideSolutionNode = FALSE
	EndGlobalSection
	GlobalSection(ExtensibilityGlobals) = postSolution
		SolutionGuid = {1529F74F-BBA3-4F34-9478-47E814A38F84}
	EndGlobalSection
EndGlobal
